// !$*UTF8*$!
{
	archiveVersion = 1;
	classes = {
	};
	objectVersion = 46;
	objects = {

/* Begin PBXBuildFile section */
		8933372E154636B9006E9BF4 /* UIKit.framework in Frameworks */ = {isa = PBXBuildFile; fileRef = 8933372D154636B9006E9BF4 /* UIKit.framework */; };
		89333730154636B9006E9BF4 /* Foundation.framework in Frameworks */ = {isa = PBXBuildFile; fileRef = 8933372F154636B9006E9BF4 /* Foundation.framework */; };
		89333732154636B9006E9BF4 /* CoreGraphics.framework in Frameworks */ = {isa = PBXBuildFile; fileRef = 89333731154636B9006E9BF4 /* CoreGraphics.framework */; };
		8933373A154636BA006E9BF4 /* main.m in Sources */ = {isa = PBXBuildFile; fileRef = 89333739154636BA006E9BF4 /* main.m */; };
		8933373E154636BA006E9BF4 /* AppDelegate.m in Sources */ = {isa = PBXBuildFile; fileRef = 8933373D154636BA006E9BF4 /* AppDelegate.m */; };
		89333748154638E8006E9BF4 /* MainViewController.m in Sources */ = {isa = PBXBuildFile; fileRef = 89333747154638E8006E9BF4 /* MainViewController.m */; };
		8933374915463E76006E9BF4 /* KMXMLParser.m in Sources */ = {isa = PBXBuildFile; fileRef = 8933374515463787006E9BF4 /* KMXMLParser.m */; };
		89D7DA6E15464F50003D5B07 /* WebViewController.m in Sources */ = {isa = PBXBuildFile; fileRef = 89D7DA6D15464F50003D5B07 /* WebViewController.m */; };
		D381448F193A72F400DDCA82 /* LogoBlue.png in Resources */ = {isa = PBXBuildFile; fileRef = D381448E193A72F400DDCA82 /* LogoBlue.png */; };
		D39B5ACF193C190B00EFE55C /* CFNetwork.framework in Frameworks */ = {isa = PBXBuildFile; fileRef = D39B5ACE193C190B00EFE55C /* CFNetwork.framework */; };
		D39B5AD1193C191F00EFE55C /* StoreKit.framework in Frameworks */ = {isa = PBXBuildFile; fileRef = D39B5AD0193C191F00EFE55C /* StoreKit.framework */; };
		D39C53AB190F08BD00D84CCD /* SystemConfiguration.framework in Frameworks */ = {isa = PBXBuildFile; fileRef = D39C53AA190F08BD00D84CCD /* SystemConfiguration.framework */; };
		D39EC950186C078A00699C70 /* MessageUI.framework in Frameworks */ = {isa = PBXBuildFile; fileRef = D39EC94F186C078A00699C70 /* MessageUI.framework */; };
		D3C867131978DDA7001C7B7D /* GoogleMaps.framework in Frameworks */ = {isa = PBXBuildFile; fileRef = D3C867121978DDA6001C7B7D /* GoogleMaps.framework */; };
		D3C867171978DE5B001C7B7D /* GoogleMaps.bundle in Resources */ = {isa = PBXBuildFile; fileRef = D3C867161978DE5B001C7B7D /* GoogleMaps.bundle */; };
		D3C867191978DEE6001C7B7D /* AVFoundation.framework in Frameworks */ = {isa = PBXBuildFile; fileRef = D3C867181978DEE5001C7B7D /* AVFoundation.framework */; };
		D3C8671B1978DEFA001C7B7D /* CoreData.framework in Frameworks */ = {isa = PBXBuildFile; fileRef = D3C8671A1978DEFA001C7B7D /* CoreData.framework */; };
		D3C8671D1978DF01001C7B7D /* CoreLocation.framework in Frameworks */ = {isa = PBXBuildFile; fileRef = D3C8671C1978DF01001C7B7D /* CoreLocation.framework */; };
		D3C8671F1978DF08001C7B7D /* CoreText.framework in Frameworks */ = {isa = PBXBuildFile; fileRef = D3C8671E1978DF08001C7B7D /* CoreText.framework */; };
		D3C867211978DF0F001C7B7D /* GLKit.framework in Frameworks */ = {isa = PBXBuildFile; fileRef = D3C867201978DF0F001C7B7D /* GLKit.framework */; };
		D3C867231978DF15001C7B7D /* ImageIO.framework in Frameworks */ = {isa = PBXBuildFile; fileRef = D3C867221978DF15001C7B7D /* ImageIO.framework */; };
		D3C867251978DF21001C7B7D /* libc++.dylib in Frameworks */ = {isa = PBXBuildFile; fileRef = D3C867241978DF21001C7B7D /* libc++.dylib */; };
		D3C867271978DF2B001C7B7D /* libicucore.dylib in Frameworks */ = {isa = PBXBuildFile; fileRef = D3C867261978DF2B001C7B7D /* libicucore.dylib */; };
		D3C867291978DF3B001C7B7D /* libz.dylib in Frameworks */ = {isa = PBXBuildFile; fileRef = D3C867281978DF3B001C7B7D /* libz.dylib */; };
		D3C8672B1978DF41001C7B7D /* OpenGLES.framework in Frameworks */ = {isa = PBXBuildFile; fileRef = D3C8672A1978DF41001C7B7D /* OpenGLES.framework */; };
		D3C8672D1978DF47001C7B7D /* QuartzCore.framework in Frameworks */ = {isa = PBXBuildFile; fileRef = D3C8672C1978DF47001C7B7D /* QuartzCore.framework */; };
		D3C867301978E21D001C7B7D /* GoogleMapsViewController.m in Sources */ = {isa = PBXBuildFile; fileRef = D3C8672F1978E21D001C7B7D /* GoogleMapsViewController.m */; };
		D3F8CA591866B18E003E91E1 /* Images-2.xcassets in Resources */ = {isa = PBXBuildFile; fileRef = D3F8CA581866B18E003E91E1 /* Images-2.xcassets */; };
		F5DF686119F82E3C00BF22EC /* InfoPlist.strings in Resources */ = {isa = PBXBuildFile; fileRef = F5DF686019F82E3C00BF22EC /* InfoPlist.strings */; };
		F5DF686619F82EC000BF22EC /* Localizable.strings in Resources */ = {isa = PBXBuildFile; fileRef = F5DF686519F82EC000BF22EC /* Localizable.strings */; };
/* End PBXBuildFile section */

/* Begin PBXFileReference section */
		89333729154636B9006E9BF4 /* Events.app */ = {isa = PBXFileReference; explicitFileType = wrapper.application; includeInIndex = 0; path = Events.app; sourceTree = BUILT_PRODUCTS_DIR; };
		8933372D154636B9006E9BF4 /* UIKit.framework */ = {isa = PBXFileReference; lastKnownFileType = wrapper.framework; name = UIKit.framework; path = System/Library/Frameworks/UIKit.framework; sourceTree = SDKROOT; };
		8933372F154636B9006E9BF4 /* Foundation.framework */ = {isa = PBXFileReference; lastKnownFileType = wrapper.framework; name = Foundation.framework; path = System/Library/Frameworks/Foundation.framework; sourceTree = SDKROOT; };
		89333731154636B9006E9BF4 /* CoreGraphics.framework */ = {isa = PBXFileReference; lastKnownFileType = wrapper.framework; name = CoreGraphics.framework; path = System/Library/Frameworks/CoreGraphics.framework; sourceTree = SDKROOT; };
		89333735154636BA006E9BF4 /* Events-Info.plist */ = {isa = PBXFileReference; lastKnownFileType = text.plist.xml; path = "Events-Info.plist"; sourceTree = "<group>"; };
		89333739154636BA006E9BF4 /* main.m */ = {isa = PBXFileReference; lastKnownFileType = sourcecode.c.objc; path = main.m; sourceTree = "<group>"; };
		8933373B154636BA006E9BF4 /* Events-Prefix.pch */ = {isa = PBXFileReference; lastKnownFileType = sourcecode.c.h; path = "Events-Prefix.pch"; sourceTree = "<group>"; };
		8933373C154636BA006E9BF4 /* AppDelegate.h */ = {isa = PBXFileReference; lastKnownFileType = sourcecode.c.h; path = AppDelegate.h; sourceTree = "<group>"; };
		8933373D154636BA006E9BF4 /* AppDelegate.m */ = {isa = PBXFileReference; lastKnownFileType = sourcecode.c.objc; path = AppDelegate.m; sourceTree = "<group>"; };
		8933374415463787006E9BF4 /* KMXMLParser.h */ = {isa = PBXFileReference; lastKnownFileType = sourcecode.c.h; path = KMXMLParser.h; sourceTree = "<group>"; };
		8933374515463787006E9BF4 /* KMXMLParser.m */ = {isa = PBXFileReference; lastKnownFileType = sourcecode.c.objc; path = KMXMLParser.m; sourceTree = "<group>"; };
		89333746154638E8006E9BF4 /* MainViewController.h */ = {isa = PBXFileReference; fileEncoding = 4; lastKnownFileType = sourcecode.c.h; path = MainViewController.h; sourceTree = "<group>"; };
		89333747154638E8006E9BF4 /* MainViewController.m */ = {isa = PBXFileReference; fileEncoding = 4; lastKnownFileType = sourcecode.c.objc; path = MainViewController.m; sourceTree = "<group>"; };
		89D7DA6C15464F50003D5B07 /* WebViewController.h */ = {isa = PBXFileReference; fileEncoding = 4; lastKnownFileType = sourcecode.c.h; path = WebViewController.h; sourceTree = "<group>"; };
		89D7DA6D15464F50003D5B07 /* WebViewController.m */ = {isa = PBXFileReference; fileEncoding = 4; lastKnownFileType = sourcecode.c.objc; path = WebViewController.m; sourceTree = "<group>"; };
		D381448E193A72F400DDCA82 /* LogoBlue.png */ = {isa = PBXFileReference; lastKnownFileType = image.png; path = LogoBlue.png; sourceTree = "<group>"; };
		D39B5ACE193C190B00EFE55C /* CFNetwork.framework */ = {isa = PBXFileReference; lastKnownFileType = wrapper.framework; name = CFNetwork.framework; path = System/Library/Frameworks/CFNetwork.framework; sourceTree = SDKROOT; };
		D39B5AD0193C191F00EFE55C /* StoreKit.framework */ = {isa = PBXFileReference; lastKnownFileType = wrapper.framework; name = StoreKit.framework; path = System/Library/Frameworks/StoreKit.framework; sourceTree = SDKROOT; };
		D39C53AA190F08BD00D84CCD /* SystemConfiguration.framework */ = {isa = PBXFileReference; lastKnownFileType = wrapper.framework; name = SystemConfiguration.framework; path = System/Library/Frameworks/SystemConfiguration.framework; sourceTree = SDKROOT; };
		D39EC94F186C078A00699C70 /* MessageUI.framework */ = {isa = PBXFileReference; lastKnownFileType = wrapper.framework; name = MessageUI.framework; path = System/Library/Frameworks/MessageUI.framework; sourceTree = SDKROOT; };
		D3C867121978DDA6001C7B7D /* GoogleMaps.framework */ = {isa = PBXFileReference; lastKnownFileType = wrapper.framework; path = GoogleMaps.framework; sourceTree = "<group>"; };
		D3C867161978DE5B001C7B7D /* GoogleMaps.bundle */ = {isa = PBXFileReference; lastKnownFileType = "wrapper.plug-in"; name = GoogleMaps.bundle; path = GoogleMaps.framework/Versions/A/Resources/GoogleMaps.bundle; sourceTree = "<group>"; };
		D3C867181978DEE5001C7B7D /* AVFoundation.framework */ = {isa = PBXFileReference; lastKnownFileType = wrapper.framework; name = AVFoundation.framework; path = System/Library/Frameworks/AVFoundation.framework; sourceTree = SDKROOT; };
		D3C8671A1978DEFA001C7B7D /* CoreData.framework */ = {isa = PBXFileReference; lastKnownFileType = wrapper.framework; name = CoreData.framework; path = System/Library/Frameworks/CoreData.framework; sourceTree = SDKROOT; };
		D3C8671C1978DF01001C7B7D /* CoreLocation.framework */ = {isa = PBXFileReference; lastKnownFileType = wrapper.framework; name = CoreLocation.framework; path = System/Library/Frameworks/CoreLocation.framework; sourceTree = SDKROOT; };
		D3C8671E1978DF08001C7B7D /* CoreText.framework */ = {isa = PBXFileReference; lastKnownFileType = wrapper.framework; name = CoreText.framework; path = System/Library/Frameworks/CoreText.framework; sourceTree = SDKROOT; };
		D3C867201978DF0F001C7B7D /* GLKit.framework */ = {isa = PBXFileReference; lastKnownFileType = wrapper.framework; name = GLKit.framework; path = System/Library/Frameworks/GLKit.framework; sourceTree = SDKROOT; };
		D3C867221978DF15001C7B7D /* ImageIO.framework */ = {isa = PBXFileReference; lastKnownFileType = wrapper.framework; name = ImageIO.framework; path = System/Library/Frameworks/ImageIO.framework; sourceTree = SDKROOT; };
		D3C867241978DF21001C7B7D /* libc++.dylib */ = {isa = PBXFileReference; lastKnownFileType = "compiled.mach-o.dylib"; name = "libc++.dylib"; path = "usr/lib/libc++.dylib"; sourceTree = SDKROOT; };
		D3C867261978DF2B001C7B7D /* libicucore.dylib */ = {isa = PBXFileReference; lastKnownFileType = "compiled.mach-o.dylib"; name = libicucore.dylib; path = usr/lib/libicucore.dylib; sourceTree = SDKROOT; };
		D3C867281978DF3B001C7B7D /* libz.dylib */ = {isa = PBXFileReference; lastKnownFileType = "compiled.mach-o.dylib"; name = libz.dylib; path = usr/lib/libz.dylib; sourceTree = SDKROOT; };
		D3C8672A1978DF41001C7B7D /* OpenGLES.framework */ = {isa = PBXFileReference; lastKnownFileType = wrapper.framework; name = OpenGLES.framework; path = System/Library/Frameworks/OpenGLES.framework; sourceTree = SDKROOT; };
		D3C8672C1978DF47001C7B7D /* QuartzCore.framework */ = {isa = PBXFileReference; lastKnownFileType = wrapper.framework; name = QuartzCore.framework; path = System/Library/Frameworks/QuartzCore.framework; sourceTree = SDKROOT; };
		D3C8672E1978E21D001C7B7D /* GoogleMapsViewController.h */ = {isa = PBXFileReference; fileEncoding = 4; lastKnownFileType = sourcecode.c.h; path = GoogleMapsViewController.h; sourceTree = "<group>"; };
		D3C8672F1978E21D001C7B7D /* GoogleMapsViewController.m */ = {isa = PBXFileReference; fileEncoding = 4; lastKnownFileType = sourcecode.c.objc; path = GoogleMapsViewController.m; sourceTree = "<group>"; };
		D3F8CA581866B18E003E91E1 /* Images-2.xcassets */ = {isa = PBXFileReference; lastKnownFileType = folder.assetcatalog; path = "Images-2.xcassets"; sourceTree = "<group>"; };
		F5DF686019F82E3C00BF22EC /* InfoPlist.strings */ = {isa = PBXFileReference; fileEncoding = 4; lastKnownFileType = text.plist.strings; path = InfoPlist.strings; sourceTree = "<group>"; };
		F5DF686519F82EC000BF22EC /* Localizable.strings */ = {isa = PBXFileReference; fileEncoding = 4; lastKnownFileType = text.plist.strings; path = Localizable.strings; sourceTree = "<group>"; };
/* End PBXFileReference section */

/* Begin PBXFrameworksBuildPhase section */
		89333726154636B9006E9BF4 /* Frameworks */ = {
			isa = PBXFrameworksBuildPhase;
			buildActionMask = 2147483647;
			files = (
				D39C53AB190F08BD00D84CCD /* SystemConfiguration.framework in Frameworks */,
				D3C8672D1978DF47001C7B7D /* QuartzCore.framework in Frameworks */,
				D3C8672B1978DF41001C7B7D /* OpenGLES.framework in Frameworks */,
				D3C867291978DF3B001C7B7D /* libz.dylib in Frameworks */,
				D3C867271978DF2B001C7B7D /* libicucore.dylib in Frameworks */,
				D3C867251978DF21001C7B7D /* libc++.dylib in Frameworks */,
				D3C867231978DF15001C7B7D /* ImageIO.framework in Frameworks */,
				D3C867211978DF0F001C7B7D /* GLKit.framework in Frameworks */,
				D3C8671F1978DF08001C7B7D /* CoreText.framework in Frameworks */,
				D3C8671D1978DF01001C7B7D /* CoreLocation.framework in Frameworks */,
				D3C8671B1978DEFA001C7B7D /* CoreData.framework in Frameworks */,
				D3C867191978DEE6001C7B7D /* AVFoundation.framework in Frameworks */,
				D39B5AD1193C191F00EFE55C /* StoreKit.framework in Frameworks */,
				D39B5ACF193C190B00EFE55C /* CFNetwork.framework in Frameworks */,
				D39EC950186C078A00699C70 /* MessageUI.framework in Frameworks */,
				8933372E154636B9006E9BF4 /* UIKit.framework in Frameworks */,
				89333730154636B9006E9BF4 /* Foundation.framework in Frameworks */,
				D3C867131978DDA7001C7B7D /* GoogleMaps.framework in Frameworks */,
				89333732154636B9006E9BF4 /* CoreGraphics.framework in Frameworks */,
			);
			runOnlyForDeploymentPostprocessing = 0;
		};
/* End PBXFrameworksBuildPhase section */

/* Begin PBXGroup section */
		8933371E154636B6006E9BF4 = {
			isa = PBXGroup;
			children = (
				89333733154636B9006E9BF4 /* Reader */,
				8933372C154636B9006E9BF4 /* Frameworks */,
				8933372A154636B9006E9BF4 /* Products */,
			);
			sourceTree = "<group>";
		};
		8933372A154636B9006E9BF4 /* Products */ = {
			isa = PBXGroup;
			children = (
				89333729154636B9006E9BF4 /* Events.app */,
			);
			name = Products;
			sourceTree = "<group>";
		};
		8933372C154636B9006E9BF4 /* Frameworks */ = {
			isa = PBXGroup;
			children = (
				D3C8672C1978DF47001C7B7D /* QuartzCore.framework */,
				D3C8672A1978DF41001C7B7D /* OpenGLES.framework */,
				D3C867281978DF3B001C7B7D /* libz.dylib */,
				D3C867261978DF2B001C7B7D /* libicucore.dylib */,
				D3C867241978DF21001C7B7D /* libc++.dylib */,
				D3C867221978DF15001C7B7D /* ImageIO.framework */,
				D3C867201978DF0F001C7B7D /* GLKit.framework */,
				D3C8671E1978DF08001C7B7D /* CoreText.framework */,
				D3C8671C1978DF01001C7B7D /* CoreLocation.framework */,
				D3C8671A1978DEFA001C7B7D /* CoreData.framework */,
				D3C867181978DEE5001C7B7D /* AVFoundation.framework */,
				D3C867161978DE5B001C7B7D /* GoogleMaps.bundle */,
				D3C867121978DDA6001C7B7D /* GoogleMaps.framework */,
				D39B5AD0193C191F00EFE55C /* StoreKit.framework */,
				D39B5ACE193C190B00EFE55C /* CFNetwork.framework */,
				D39C53AA190F08BD00D84CCD /* SystemConfiguration.framework */,
				D39EC94F186C078A00699C70 /* MessageUI.framework */,
				8933372D154636B9006E9BF4 /* UIKit.framework */,
				8933372F154636B9006E9BF4 /* Foundation.framework */,
				89333731154636B9006E9BF4 /* CoreGraphics.framework */,
			);
			name = Frameworks;
			sourceTree = "<group>";
		};
		89333733154636B9006E9BF4 /* Reader */ = {
			isa = PBXGroup;
			children = (
				8933373C154636BA006E9BF4 /* AppDelegate.h */,
				8933373D154636BA006E9BF4 /* AppDelegate.m */,
				89333734154636B9006E9BF4 /* Supporting Files */,
				D379653C18846B1A006B8B53 /* Resources */,
				89333746154638E8006E9BF4 /* MainViewController.h */,
				89333747154638E8006E9BF4 /* MainViewController.m */,
				D3C8672E1978E21D001C7B7D /* GoogleMapsViewController.h */,
				D3C8672F1978E21D001C7B7D /* GoogleMapsViewController.m */,
				89D7DA6C15464F50003D5B07 /* WebViewController.h */,
				89D7DA6D15464F50003D5B07 /* WebViewController.m */,
				D3F8CA581866B18E003E91E1 /* Images-2.xcassets */,
			);
			path = Reader;
			sourceTree = "<group>";
		};
		89333734154636B9006E9BF4 /* Supporting Files */ = {
			isa = PBXGroup;
			children = (
				F5DF686019F82E3C00BF22EC /* InfoPlist.strings */,
				F5DF686519F82EC000BF22EC /* Localizable.strings */,
				8933374415463787006E9BF4 /* KMXMLParser.h */,
				8933374515463787006E9BF4 /* KMXMLParser.m */,
				89333735154636BA006E9BF4 /* Events-Info.plist */,
				89333739154636BA006E9BF4 /* main.m */,
				8933373B154636BA006E9BF4 /* Events-Prefix.pch */,
			);
			name = "Supporting Files";
			sourceTree = "<group>";
		};
		D379653C18846B1A006B8B53 /* Resources */ = {
			isa = PBXGroup;
			children = (
				D381448E193A72F400DDCA82 /* LogoBlue.png */,
			);
			name = Resources;
			sourceTree = "<group>";
		};
/* End PBXGroup section */

/* Begin PBXNativeTarget section */
		89333728154636B9006E9BF4 /* Events */ = {
			isa = PBXNativeTarget;
			buildConfigurationList = 89333741154636BA006E9BF4 /* Build configuration list for PBXNativeTarget "Events" */;
			buildPhases = (
				89333725154636B9006E9BF4 /* Sources */,
				89333726154636B9006E9BF4 /* Frameworks */,
				89333727154636B9006E9BF4 /* Resources */,
			);
			buildRules = (
			);
			dependencies = (
			);
			name = Events;
			productName = Reader;
			productReference = 89333729154636B9006E9BF4 /* Events.app */;
			productType = "com.apple.product-type.application";
		};
/* End PBXNativeTarget section */

/* Begin PBXProject section */
		89333720154636B7006E9BF4 /* Project object */ = {
			isa = PBXProject;
			attributes = {
				LastUpgradeCheck = 0600;
				ORGANIZATIONNAME = "HotRod software";
				TargetAttributes = {
					89333728154636B9006E9BF4 = {
						DevelopmentTeam = 29T8B68F3T;
					};
				};
			};
			buildConfigurationList = 89333723154636B7006E9BF4 /* Build configuration list for PBXProject "Events" */;
			compatibilityVersion = "Xcode 3.2";
			developmentRegion = English;
			hasScannedForEncodings = 0;
			knownRegions = (
				en,
				es,
				"zh-Hans",
				"zh-Hant",
				de,
				fr,
				ja,
				ko,
				ru,
				vi,
				Base,
				ar,
				ca,
				cs,
				da,
				el,
				fi,
				he,
				hu,
				id,
				it,
				ms,
				nb,
				nl,
				pl,
				"pt-BR",
				pt,
				ro,
				sk,
				sv,
				th,
				tr,
				uk,
			);
			mainGroup = 8933371E154636B6006E9BF4;
			productRefGroup = 8933372A154636B9006E9BF4 /* Products */;
			projectDirPath = "";
			projectRoot = "";
			targets = (
				89333728154636B9006E9BF4 /* Events */,
			);
		};
/* End PBXProject section */

/* Begin PBXResourcesBuildPhase section */
		89333727154636B9006E9BF4 /* Resources */ = {
			isa = PBXResourcesBuildPhase;
			buildActionMask = 2147483647;
			files = (
				D381448F193A72F400DDCA82 /* LogoBlue.png in Resources */,
				D3F8CA591866B18E003E91E1 /* Images-2.xcassets in Resources */,
				F5DF686619F82EC000BF22EC /* Localizable.strings in Resources */,
				D3C867171978DE5B001C7B7D /* GoogleMaps.bundle in Resources */,
				F5DF686119F82E3C00BF22EC /* InfoPlist.strings in Resources */,
			);
			runOnlyForDeploymentPostprocessing = 0;
		};
/* End PBXResourcesBuildPhase section */

/* Begin PBXSourcesBuildPhase section */
		89333725154636B9006E9BF4 /* Sources */ = {
			isa = PBXSourcesBuildPhase;
			buildActionMask = 2147483647;
			files = (
				8933373A154636BA006E9BF4 /* main.m in Sources */,
				8933373E154636BA006E9BF4 /* AppDelegate.m in Sources */,
				89333748154638E8006E9BF4 /* MainViewController.m in Sources */,
				8933374915463E76006E9BF4 /* KMXMLParser.m in Sources */,
				D3C867301978E21D001C7B7D /* GoogleMapsViewController.m in Sources */,
				89D7DA6E15464F50003D5B07 /* WebViewController.m in Sources */,
			);
			runOnlyForDeploymentPostprocessing = 0;
		};
/* End PBXSourcesBuildPhase section */

/* Begin XCBuildConfiguration section */
		8933373F154636BA006E9BF4 /* Debug */ = {
			isa = XCBuildConfiguration;
			buildSettings = {
				ALWAYS_SEARCH_USER_PATHS = NO;
				CLANG_ENABLE_OBJC_ARC = YES;
				CLANG_WARN_BOOL_CONVERSION = YES;
				CLANG_WARN_CONSTANT_CONVERSION = YES;
				CLANG_WARN_EMPTY_BODY = YES;
				CLANG_WARN_ENUM_CONVERSION = YES;
				CLANG_WARN_INT_CONVERSION = YES;
				CLANG_WARN_UNREACHABLE_CODE = YES;
				CLANG_WARN__DUPLICATE_METHOD_MATCH = YES;
				"CODE_SIGN_IDENTITY[sdk=iphoneos*]" = "iPhone Developer";
				COPY_PHASE_STRIP = NO;
				ENABLE_STRICT_OBJC_MSGSEND = YES;
				GCC_C_LANGUAGE_STANDARD = gnu99;
				GCC_DYNAMIC_NO_PIC = NO;
				GCC_OPTIMIZATION_LEVEL = 0;
				GCC_PREPROCESSOR_DEFINITIONS = (
					"DEBUG=1",
					"$(inherited)",
				);
				GCC_SYMBOLS_PRIVATE_EXTERN = NO;
				GCC_VERSION = com.apple.compilers.llvm.clang.1_0;
				GCC_WARN_64_TO_32_BIT_CONVERSION = YES;
				GCC_WARN_ABOUT_RETURN_TYPE = YES;
				GCC_WARN_UNDECLARED_SELECTOR = YES;
				GCC_WARN_UNINITIALIZED_AUTOS = YES;
				GCC_WARN_UNUSED_FUNCTION = YES;
				GCC_WARN_UNUSED_VARIABLE = YES;
				IPHONEOS_DEPLOYMENT_TARGET = 7.1;
				ONLY_ACTIVE_ARCH = YES;
				OTHER_LDFLAGS = "-ObjC";
				SDKROOT = iphoneos;
				TARGETED_DEVICE_FAMILY = "1,2";
			};
			name = Debug;
		};
		89333740154636BA006E9BF4 /* Release */ = {
			isa = XCBuildConfiguration;
			buildSettings = {
				ALWAYS_SEARCH_USER_PATHS = NO;
				CLANG_ENABLE_OBJC_ARC = YES;
				CLANG_WARN_BOOL_CONVERSION = YES;
				CLANG_WARN_CONSTANT_CONVERSION = YES;
				CLANG_WARN_EMPTY_BODY = YES;
				CLANG_WARN_ENUM_CONVERSION = YES;
				CLANG_WARN_INT_CONVERSION = YES;
				CLANG_WARN_UNREACHABLE_CODE = YES;
				CLANG_WARN__DUPLICATE_METHOD_MATCH = YES;
				"CODE_SIGN_IDENTITY[sdk=iphoneos*]" = "iPhone Developer";
				COPY_PHASE_STRIP = YES;
				ENABLE_STRICT_OBJC_MSGSEND = YES;
				GCC_C_LANGUAGE_STANDARD = gnu99;
				GCC_VERSION = com.apple.compilers.llvm.clang.1_0;
				GCC_WARN_64_TO_32_BIT_CONVERSION = YES;
				GCC_WARN_ABOUT_RETURN_TYPE = YES;
				GCC_WARN_UNDECLARED_SELECTOR = YES;
				GCC_WARN_UNINITIALIZED_AUTOS = YES;
				GCC_WARN_UNUSED_FUNCTION = YES;
				GCC_WARN_UNUSED_VARIABLE = YES;
				IPHONEOS_DEPLOYMENT_TARGET = 7.1;
				OTHER_CFLAGS = "-DNS_BLOCK_ASSERTIONS=1";
				OTHER_LDFLAGS = "-ObjC";
				SDKROOT = iphoneos;
				TARGETED_DEVICE_FAMILY = "1,2";
				VALIDATE_PRODUCT = YES;
			};
			name = Release;
		};
		89333742154636BA006E9BF4 /* Debug */ = {
			isa = XCBuildConfiguration;
			buildSettings = {
				ASSETCATALOG_COMPILER_APPICON_NAME = AppIcon;
				ASSETCATALOG_COMPILER_LAUNCHIMAGE_NAME = LaunchImage;
				CLANG_ENABLE_OBJC_ARC = YES;
				CODE_SIGN_IDENTITY = "iPhone Developer";
				"CODE_SIGN_IDENTITY[sdk=iphoneos*]" = "iPhone Developer";
				FRAMEWORK_SEARCH_PATHS = (
					"$(inherited)",
					"$(PROJECT_DIR)",
					"/Users/Brian/Desktop/GoogleMaps-iOS-1.8.1/GoogleMapsSDKDemos",
				);
				GCC_PRECOMPILE_PREFIX_HEADER = YES;
				GCC_PREFIX_HEADER = "Reader/Events-Prefix.pch";
				INFOPLIST_FILE = "Reader/Events-Info.plist";
				IPHONEOS_DEPLOYMENT_TARGET = 7.1;
				PRODUCT_NAME = Events;
				PROVISIONING_PROFILE = "";
				TARGETED_DEVICE_FAMILY = 1;
				WRAPPER_EXTENSION = app;
			};
			name = Debug;
		};
		89333743154636BA006E9BF4 /* Release */ = {
			isa = XCBuildConfiguration;
			buildSettings = {
				ASSETCATALOG_COMPILER_APPICON_NAME = AppIcon;
				ASSETCATALOG_COMPILER_LAUNCHIMAGE_NAME = LaunchImage;
				CLANG_ENABLE_OBJC_ARC = YES;
				CODE_SIGN_IDENTITY = "iPhone Developer";
				"CODE_SIGN_IDENTITY[sdk=iphoneos*]" = "iPhone Developer";
				FRAMEWORK_SEARCH_PATHS = (
					"$(inherited)",
					"$(PROJECT_DIR)",
					"/Users/Brian/Desktop/GoogleMaps-iOS-1.8.1/GoogleMapsSDKDemos",
				);
				GCC_PRECOMPILE_PREFIX_HEADER = YES;
				GCC_PREFIX_HEADER = "Reader/Events-Prefix.pch";
				INFOPLIST_FILE = "Reader/Events-Info.plist";
				IPHONEOS_DEPLOYMENT_TARGET = 7.1;
				PRODUCT_NAME = Events;
				PROVISIONING_PROFILE = "";
				TARGETED_DEVICE_FAMILY = 1;
				WRAPPER_EXTENSION = app;
			};
			name = Release;
		};
/* End XCBuildConfiguration section */

/* Begin XCConfigurationList section */
		89333723154636B7006E9BF4 /* Build configuration list for PBXProject "Events" */ = {
			isa = XCConfigurationList;
			buildConfigurations = (
				8933373F154636BA006E9BF4 /* Debug */,
				89333740154636BA006E9BF4 /* Release */,
			);
			defaultConfigurationIsVisible = 0;
			defaultConfigurationName = Release;
		};
		89333741154636BA006E9BF4 /* Build configuration list for PBXNativeTarget "Events" */ = {
			isa = XCConfigurationList;
			buildConfigurations = (
				89333742154636BA006E9BF4 /* Debug */,
				89333743154636BA006E9BF4 /* Release */,
			);
			defaultConfigurationIsVisible = 0;
			defaultConfigurationName = Release;
		};
/* End XCConfigurationList section */
	};
	rootObject = 89333720154636B7006E9BF4 /* Project object */;
}
